
Microsoft Visual Studio Solution File, Format Version 12.00
# Visual Studio Version 17
VisualStudioVersion = 17.6.33815.320
MinimumVisualStudioVersion = 10.0.40219.1
Project("{9A19103F-16F7-4668-BE54-9A1E7A4F7556}") = "NZWalks.API", "NZWalks.API\NZWalks.API.csproj", "{43F4C8CE-A3E7-4CA6-8975-90BEC272C43B}"
EndProject
Project("{FAE04EC0-301F-11D3-BF4B-00C04F79EFBC}") = "NZWalks.UI", "NZWalks.UI\NZWalks.UI.csproj", "{EF8C76FE-1A6F-439A-9514-6A588C06F00F}"
EndProject
Global
	GlobalSection(SolutionConfigurationPlatforms) = preSolution
		Debug|Any CPU = Debug|Any CPU
		Release|Any CPU = Release|Any CPU
	EndGlobalSection
	GlobalSection(ProjectConfigurationPlatforms) = postSolution
		{43F4C8CE-A3E7-4CA6-8975-90BEC272C43B}.Debug|Any CPU.ActiveCfg = Debug|Any CPU
		{43F4C8CE-A3E7-4CA6-8975-90BEC272C43B}.Debug|Any CPU.Build.0 = Debug|Any CPU
		{43F4C8CE-A3E7-4CA6-8975-90BEC272C43B}.Release|Any CPU.ActiveCfg = Release|Any CPU
		{43F4C8CE-A3E7-4CA6-8975-90BEC272C43B}.Release|Any CPU.Build.0 = Release|Any CPU
		{EF8C76FE-1A6F-439A-9514-6A588C06F00F}.Debug|Any CPU.ActiveCfg = Debug|Any CPU
		{EF8C76FE-1A6F-439A-9514-6A588C06F00F}.Debug|Any CPU.Build.0 = Debug|Any CPU
		{EF8C76FE-1A6F-439A-9514-6A588C06F00F}.Release|Any CPU.ActiveCfg = Release|Any CPU
		{EF8C76FE-1A6F-439A-9514-6A588C06F00F}.Release|Any CPU.Build.0 = Release|Any CPU
	EndGlobalSection
	GlobalSection(SolutionProperties) = preSolution
		HideSolutionNode = FALSE
	EndGlobalSection
	GlobalSection(ExtensibilityGlobals) = postSolution
		SolutionGuid = {672646BD-8D7A-429D-A315-0BE41B7743FA}
	EndGlobalSection
EndGlobal
